<?xml version="1.0" encoding="utf-8"?>
<Project ToolsVersion="4.0" xmlns="http://schemas.microsoft.com/developer/msbuild/2003">
  <ItemGroup>
    <ClCompile Include="Source\gamecolls.c">
      <Filter>Game\Components</Filter>
    </ClCompile>
    <ClCompile Include="Source\gamebuttons.c">
      <Filter>Game\Components</Filter>
    </ClCompile>
    <ClCompile Include="Source\entity.c">
      <Filter>Game\Components\Entity</Filter>
    </ClCompile>
    <ClCompile Include="Source\luautil.c">
      <Filter>Game\Lua\Utility</Filter>
    </ClCompile>
    <ClCompile Include="Source\main.c">
      <Filter>Game</Filter>
    </ClCompile>
    <ClCompile Include="Source\luafuncs.c">
      <Filter>Game\Lua\Functions</Filter>
    </ClCompile>
    <ClCompile Include="Source\entluafuncs.c">
      <Filter>Game\Components\Entity</Filter>
    </ClCompile>
    <ClCompile Include="Source\luavec2.c">
      <Filter>Game\Lua\Userdata</Filter>
    </ClCompile>
    <ClCompile Include="Source\deathscreen.c">
      <Filter>Game\Screens\Death Screen</Filter>
    </ClCompile>
    <ClCompile Include="Source\gamescreen.c">
      <Filter>Game\Screens\Game Screen</Filter>
    </ClCompile>
    <ClCompile Include="Source\splashscreen.c">
      <Filter>Game\Screens\Splash Screen</Filter>
    </ClCompile>
    <ClCompile Include="Source\menuscreen.c">
      <Filter>Game\Screens\Menu Screen</Filter>
    </ClCompile>
    <ClCompile Include="Source\editorscreen.c">
      <Filter>Game\Screens\Editor Screen</Filter>
    </ClCompile>
    <ClCompile Include="Source\screens.c">
      <Filter>Game\Screens</Filter>
    </ClCompile>
    <ClCompile Include="Source\codeblock.c">
      <Filter>Game\Components\Code Block</Filter>
    </ClCompile>
    <ClCompile Include="Source\codeblocklist.c">
      <Filter>Game\Components\Code Block\List</Filter>
    </ClCompile>
    <ClCompile Include="Source\cbgrabcomp.c">
      <Filter>Game\Components\Code Block\GrabComp</Filter>
    </ClCompile>
    <ClCompile Include="Source\codeblockboard.c">
      <Filter>Game\Components\Code Block\Board</Filter>
    </ClCompile>
    <ClCompile Include="Source\codeblocktypes.c">
      <Filter>Game\Components\Code Block\Types</Filter>
    </ClCompile>
  </ItemGroup>
  <ItemGroup>
    <ClInclude Include="Source\gamecolls.h">
      <Filter>Game\Components</Filter>
    </ClInclude>
    <ClInclude Include="Source\gamecomps.h">
      <Filter>Game\Components</Filter>
    </ClInclude>
    <ClInclude Include="Source\gamebuttons.h">
      <Filter>Game\Components</Filter>
    </ClInclude>
    <ClInclude Include="Source\entity.h">
      <Filter>Game\Components\Entity</Filter>
    </ClInclude>
    <ClInclude Include="Source\luautil.h">
      <Filter>Game\Lua\Utility</Filter>
    </ClInclude>
    <ClInclude Include="Source\luafuncs.h">
      <Filter>Game\Lua\Functions</Filter>
    </ClInclude>
    <ClInclude Include="Source\entluafuncs.h">
      <Filter>Game\Components\Entity</Filter>
    </ClInclude>
    <ClInclude Include="Source\luavec2.h">
      <Filter>Game\Lua\Userdata</Filter>
    </ClInclude>
    <ClInclude Include="Source\deathscreen.h">
      <Filter>Game\Screens\Death Screen</Filter>
    </ClInclude>
    <ClInclude Include="Source\gamescreen.h">
      <Filter>Game\Screens\Game Screen</Filter>
    </ClInclude>
    <ClInclude Include="Source\menuscreen.h">
      <Filter>Game\Screens\Menu Screen</Filter>
    </ClInclude>
    <ClInclude Include="Source\splashscreen.h">
      <Filter>Game\Screens\Splash Screen</Filter>
    </ClInclude>
    <ClInclude Include="Source\editorscreen.h">
      <Filter>Game\Screens\Editor Screen</Filter>
    </ClInclude>
    <ClInclude Include="Source\screens.h">
      <Filter>Game\Screens</Filter>
    </ClInclude>
    <ClInclude Include="Source\codeblock.h">
      <Filter>Game\Components\Code Block</Filter>
    </ClInclude>
    <ClInclude Include="Source\enemylua.h">
      <Filter>Game\Components\Entity</Filter>
    </ClInclude>
    <ClInclude Include="Source\codeblocklist.h">
      <Filter>Game\Components\Code Block\List</Filter>
    </ClInclude>
    <ClInclude Include="Source\cbgrabcomp.h">
      <Filter>Game\Components\Code Block\GrabComp</Filter>
    </ClInclude>
    <ClInclude Include="Source\codeblockboard.h">
      <Filter>Game\Components\Code Block\Board</Filter>
    </ClInclude>
    <ClInclude Include="Source\codeblocktypes.h">
      <Filter>Game\Components\Code Block\Types</Filter>
    </ClInclude>
  </ItemGroup>
  <ItemGroup>
    <Filter Include="Game">
      <UniqueIdentifier>{3210a46f-2a24-4610-bfc4-9606f9e02dcf}</UniqueIdentifier>
    </Filter>
    <Filter Include="Game\Components">
      <UniqueIdentifier>{c9516fd3-cbd2-4e63-8e05-443250bd496c}</UniqueIdentifier>
    </Filter>
    <Filter Include="Game\Components\Entity">
      <UniqueIdentifier>{73708247-049c-43fa-89c5-cecae9cf5ded}</UniqueIdentifier>
    </Filter>
    <Filter Include="Game\Scripts">
      <UniqueIdentifier>{08c508a5-40c2-4713-8c78-55e2986f7098}</UniqueIdentifier>
    </Filter>
    <Filter Include="Game\Lua">
      <UniqueIdentifier>{1f71f01e-8b36-448e-a28e-f2561c33e37c}</UniqueIdentifier>
    </Filter>
    <Filter Include="Game\Lua\Functions">
      <UniqueIdentifier>{d5bc0bd8-f5fb-4ccc-b317-5c092c15daba}</UniqueIdentifier>
    </Filter>
    <Filter Include="Game\Lua\Utility">
      <UniqueIdentifier>{d9f5ed69-be39-4172-b768-d2131ce71245}</UniqueIdentifier>
    </Filter>
    <Filter Include="Game\Lua\Userdata">
      <UniqueIdentifier>{c9e2683e-1f67-4f40-a36b-c284e38325d9}</UniqueIdentifier>
    </Filter>
    <Filter Include="Game\Screens">
      <UniqueIdentifier>{748da6c0-9fd6-4054-a740-bd488932baa4}</UniqueIdentifier>
    </Filter>
    <Filter Include="Game\Screens\Death Screen">
      <UniqueIdentifier>{d993c51d-3153-42a6-a3b6-dc70f3beb880}</UniqueIdentifier>
    </Filter>
    <Filter Include="Game\Screens\Game Screen">
      <UniqueIdentifier>{47de1080-5b3d-4c7b-9f3b-7390737cc8b7}</UniqueIdentifier>
    </Filter>
    <Filter Include="Game\Screens\Menu Screen">
      <UniqueIdentifier>{6f961e0d-7848-4b40-9c44-fc774d8e6907}</UniqueIdentifier>
    </Filter>
    <Filter Include="Game\Screens\Splash Screen">
      <UniqueIdentifier>{aea7b011-35c4-414f-85a5-87f0ee970faf}</UniqueIdentifier>
    </Filter>
    <Filter Include="Game\Screens\Editor Screen">
      <UniqueIdentifier>{d4b5d4b0-61ac-4aa0-a541-9b2108e34bd2}</UniqueIdentifier>
    </Filter>
    <Filter Include="Game\Components\Code Block">
      <UniqueIdentifier>{fc97b877-ef6c-428a-a978-40d2d3063d93}</UniqueIdentifier>
    </Filter>
    <Filter Include="Game\Components\Code Block\List">
      <UniqueIdentifier>{6ffb0dd6-04c1-4699-aeb2-7fb06bc25434}</UniqueIdentifier>
    </Filter>
    <Filter Include="Game\Components\Code Block\GrabComp">
      <UniqueIdentifier>{2987f661-2b31-42ab-ae39-82bcd7d356ce}</UniqueIdentifier>
    </Filter>
    <Filter Include="Game\Components\Code Block\Board">
      <UniqueIdentifier>{28b2f174-89da-4ce1-b8f0-97da9c07500f}</UniqueIdentifier>
    </Filter>
    <Filter Include="Game\Components\Code Block\Types">
      <UniqueIdentifier>{c0fb3186-9992-491e-b903-124e8ce7ea7a}</UniqueIdentifier>
    </Filter>
  </ItemGroup>
  <ItemGroup>
    <None Include="Scripts\test_entity.lua">
      <Filter>Game\Scripts</Filter>
    </None>
    <None Include="Scripts\test_player.lua">
      <Filter>Game\Scripts</Filter>
    </None>
  </ItemGroup>
</Project>